
Microsoft Visual Studio Solution File, Format Version 12.00
# Visual Studio Version 17
VisualStudioVersion = 17.3.32811.315
MinimumVisualStudioVersion = 10.0.40219.1
Project("{FAE04EC0-301F-11D3-BF4B-00C04F79EFBC}") = "smtp-sample", "smtp-sample.csproj", "{3B5D2032-0CF2-4BBF-B49C-9D22099F5B82}"
EndProject
Global
	GlobalSection(SolutionConfigurationPlatforms) = preSolution
		Debug|Any CPU = Debug|Any CPU
		Release|Any CPU = Release|Any CPU
	EndGlobalSection
	GlobalSection(ProjectConfigurationPlatforms) = postSolution
		{3B5D2032-0CF2-4BBF-B49C-9D22099F5B82}.Debug|Any CPU.ActiveCfg = Debug|Any CPU
		{3B5D2032-0CF2-4BBF-B49C-9D22099F5B82}.Debug|Any CPU.Build.0 = Debug|Any CPU
		{3B5D2032-0CF2-4BBF-B49C-9D22099F5B82}.Release|Any CPU.ActiveCfg = Release|Any CPU
		{3B5D2032-0CF2-4BBF-B49C-9D22099F5B82}.Release|Any CPU.Build.0 = Release|Any CPU
	EndGlobalSection
	GlobalSection(SolutionProperties) = preSolution
		HideSolutionNode = FALSE
	EndGlobalSection
	GlobalSection(ExtensibilityGlobals) = postSolution
		SolutionGuid = {7E04BD1B-13B4-4970-B2C3-C64DCD065ECC}
	EndGlobalSection
EndGlobal
